
Microsoft Visual Studio Solution File, Format Version 12.00
# Visual Studio Version 17
VisualStudioVersion = 17.14.36603.0 d17.14
MinimumVisualStudioVersion = 10.0.40219.1
Project("{FAE04EC0-301F-11D3-BF4B-00C04F79EFBC}") = "Notoid", "Notoid\Notoid.csproj", "{0C77BFF5-7C44-4704-84A5-700F5FD0726F}"
EndProject
Global
	GlobalSection(SolutionConfigurationPlatforms) = preSolution
		Debug|Any CPU = Debug|Any CPU
		Release|Any CPU = Release|Any CPU
	EndGlobalSection
	GlobalSection(ProjectConfigurationPlatforms) = postSolution
		{0C77BFF5-7C44-4704-84A5-700F5FD0726F}.Debug|Any CPU.ActiveCfg = Debug|Any CPU
		{0C77BFF5-7C44-4704-84A5-700F5FD0726F}.Debug|Any CPU.Build.0 = Debug|Any CPU
		{0C77BFF5-7C44-4704-84A5-700F5FD0726F}.Release|Any CPU.ActiveCfg = Release|Any CPU
		{0C77BFF5-7C44-4704-84A5-700F5FD0726F}.Release|Any CPU.Build.0 = Release|Any CPU
	EndGlobalSection
	GlobalSection(SolutionProperties) = preSolution
		HideSolutionNode = FALSE
	EndGlobalSection
	GlobalSection(ExtensibilityGlobals) = postSolution
		SolutionGuid = {D1333F2D-2A65-40AC-9F94-B1196FBF7069}
	EndGlobalSection
EndGlobal
